{
    "version": 3,
    "terraform_version": "0.11.13",
    "serial": 12,
    "lineage": "6ce1cb5f-b593-5ab6-d40c-0d54c6b5cb6e",
    "modules": [
        {
            "path": [
                "root"
            ],
            "outputs": {
                "aws_vpc_id": {
                    "sensitive": false,
                    "type": "string",
                    "value": "lt-0efccbae60e61ece0"
                }
            },
            "resources": {
                "aws_ec2_fleet.my_ec2_fleet": {
                    "type": "aws_ec2_fleet",
                    "depends_on": [
                        "aws_launch_template.my_ami_lt"
                    ],
                    "primary": {
                        "id": "fleet-7fbd9125-3497-4ea0-82fd-f89c8afaf812",
                        "attributes": {
                            "excess_capacity_termination_policy": "termination",
                            "id": "fleet-7fbd9125-3497-4ea0-82fd-f89c8afaf812",
                            "launch_template_config.#": "1",
                            "launch_template_config.0.launch_template_specification.#": "1",
                            "launch_template_config.0.launch_template_specification.0.launch_template_id": "lt-0efccbae60e61ece0",
                            "launch_template_config.0.launch_template_specification.0.launch_template_name": "",
                            "launch_template_config.0.launch_template_specification.0.version": "1",
                            "launch_template_config.0.override.#": "2",
                            "launch_template_config.0.override.0.availability_zone": "",
                            "launch_template_config.0.override.0.instance_type": "t2.micro",
                            "launch_template_config.0.override.0.max_price": "0.90",
                            "launch_template_config.0.override.0.priority": "0",
                            "launch_template_config.0.override.0.subnet_id": "subnet-09221e2184774cd4b",
                            "launch_template_config.0.override.0.weighted_capacity": "1",
                            "launch_template_config.0.override.1.availability_zone": "",
                            "launch_template_config.0.override.1.instance_type": "t2.medium",
                            "launch_template_config.0.override.1.max_price": "0.90",
                            "launch_template_config.0.override.1.priority": "0",
                            "launch_template_config.0.override.1.subnet_id": "subnet-09221e2184774cd4b",
                            "launch_template_config.0.override.1.weighted_capacity": "2",
                            "on_demand_options.#": "1",
                            "on_demand_options.0.allocation_strategy": "lowestPrice",
                            "replace_unhealthy_instances": "false",
                            "spot_options.#": "1",
                            "spot_options.0.allocation_strategy": "lowestPrice",
                            "spot_options.0.instance_interruption_behavior": "terminate",
                            "spot_options.0.instance_pools_to_use_count": "1",
                            "tags.%": "0",
                            "target_capacity_specification.#": "1",
                            "target_capacity_specification.0.default_target_capacity_type": "spot",
                            "target_capacity_specification.0.on_demand_target_capacity": "1",
                            "target_capacity_specification.0.spot_target_capacity": "1",
                            "target_capacity_specification.0.total_target_capacity": "2",
                            "terminate_instances": "false",
                            "terminate_instances_with_expiration": "false",
                            "type": "request"
                        },
                        "meta": {
                            "e2bfb730-ecaa-11e6-8f88-34363bc7c4c0": {
                                "create": 600000000000,
                                "delete": 600000000000,
                                "update": 600000000000
                            }
                        },
                        "tainted": false
                    },
                    "deposed": [],
                    "provider": "provider.aws"
                },
                "aws_launch_template.my_ami_lt": {
                    "type": "aws_launch_template",
                    "depends_on": [],
                    "primary": {
                        "id": "lt-0efccbae60e61ece0",
                        "attributes": {
                            "arn": "arn:aws:ec2:us-east-1:702037529261:launch-template/lt-0efccbae60e61ece0",
                            "block_device_mappings.#": "0",
                            "capacity_reservation_specification.#": "0",
                            "credit_specification.#": "0",
                            "default_version": "1",
                            "description": "",
                            "disable_api_termination": "false",
                            "ebs_optimized": "",
                            "elastic_gpu_specifications.#": "0",
                            "elastic_inference_accelerator.#": "0",
                            "iam_instance_profile.#": "0",
                            "id": "lt-0efccbae60e61ece0",
                            "image_id": "ami-07b4156579ea1d7ba",
                            "instance_initiated_shutdown_behavior": "",
                            "instance_market_options.#": "0",
                            "instance_type": "t2.micro",
                            "kernel_id": "",
                            "key_name": "okts-key",
                            "latest_version": "1",
                            "license_specification.#": "0",
                            "monitoring.#": "0",
                            "name": "okts_launch_template",
                            "network_interfaces.#": "1",
                            "network_interfaces.0.associate_public_ip_address": "true",
                            "network_interfaces.0.delete_on_termination": "false",
                            "network_interfaces.0.description": "",
                            "network_interfaces.0.device_index": "0",
                            "network_interfaces.0.ipv4_address_count": "0",
                            "network_interfaces.0.ipv4_addresses.#": "0",
                            "network_interfaces.0.ipv6_address_count": "0",
                            "network_interfaces.0.ipv6_addresses.#": "0",
                            "network_interfaces.0.network_interface_id": "",
                            "network_interfaces.0.private_ip_address": "",
                            "network_interfaces.0.security_groups.#": "0",
                            "network_interfaces.0.subnet_id": "",
                            "placement.#": "1",
                            "placement.0.affinity": "",
                            "placement.0.availability_zone": "us-east-1a",
                            "placement.0.group_name": "",
                            "placement.0.host_id": "",
                            "placement.0.spread_domain": "",
                            "placement.0.tenancy": "",
                            "ram_disk_id": "",
                            "security_group_names.#": "0",
                            "tag_specifications.#": "1",
                            "tag_specifications.0.resource_type": "instance",
                            "tag_specifications.0.tags.%": "1",
                            "tag_specifications.0.tags.project": "okts",
                            "tags.%": "0",
                            "user_data": "",
                            "vpc_security_group_ids.#": "1",
                            "vpc_security_group_ids.2861150337": "sg-0c4144342baff5c79"
                        },
                        "meta": {},
                        "tainted": false
                    },
                    "deposed": [],
                    "provider": "provider.aws"
                }
            },
            "depends_on": []
        }
    ]
}
